{
  "name": "specqr-rust-verification",
  "lockfileVersion": 3,
  "requires": true,
  "packages": {
    "": {
      "name": "specqr-rust-verification",
      "devDependencies": {
        "jsqr": "1.4.0",
        "nayuki-qr-code-generator": "1.8.0"
      }
    },
    "node_modules/jsqr": {
      "version": "1.4.0",
      "resolved": "https://registry.npmjs.org/jsqr/-/jsqr-1.4.0.tgz",
      "integrity": "sha512-dxLob7q65Xg2DvstYkRpkYtmKm2sPJ9oFhrhmudT1dZvNFFTlroai3AWSpLey/w5vMcLBXRgOJsbXpdN9HzU/A==",
      "dev": true,
      "license": "Apache-2.0"
    },
    "node_modules/nayuki-qr-code-generator": {
      "version": "1.8.0",
      "resolved": "https://registry.npmjs.org/nayuki-qr-code-generator/-/nayuki-qr-code-generator-1.8.0.tgz",
      "integrity": "sha512-wnpXdJ+zJ+8QzzGJTEnESaRYfNIUHSgX4ykvYuaomqqUbhJdun3v0sK/39BQjw3on/vf7ujPKIg2V07WejjmLw==",
      "dev": true,
      "license": "MIT"
    }
  }
}
